
Microsoft Visual Studio Solution File, Format Version 12.00
# Visual Studio Version 17
VisualStudioVersion = 17.11.35222.181
MinimumVisualStudioVersion = 10.0.40219.1
Project("{FAE04EC0-301F-11D3-BF4B-00C04F79EFBC}") = "平行處理-Parallel練習", "平行處理-Parallel練習\平行處理-Parallel練習.csproj", "{147EEA7B-B982-4892-8D1A-479C9EA9A6F8}"
EndProject
Global
	GlobalSection(SolutionConfigurationPlatforms) = preSolution
		Debug|Any CPU = Debug|Any CPU
		Release|Any CPU = Release|Any CPU
	EndGlobalSection
	GlobalSection(ProjectConfigurationPlatforms) = postSolution
		{147EEA7B-B982-4892-8D1A-479C9EA9A6F8}.Debug|Any CPU.ActiveCfg = Debug|Any CPU
		{147EEA7B-B982-4892-8D1A-479C9EA9A6F8}.Debug|Any CPU.Build.0 = Debug|Any CPU
		{147EEA7B-B982-4892-8D1A-479C9EA9A6F8}.Release|Any CPU.ActiveCfg = Release|Any CPU
		{147EEA7B-B982-4892-8D1A-479C9EA9A6F8}.Release|Any CPU.Build.0 = Release|Any CPU
	EndGlobalSection
	GlobalSection(SolutionProperties) = preSolution
		HideSolutionNode = FALSE
	EndGlobalSection
	GlobalSection(ExtensibilityGlobals) = postSolution
		SolutionGuid = {4C61E7E9-A006-41AB-BA26-221BF6E48095}
	EndGlobalSection
EndGlobal
