
Microsoft Visual Studio Solution File, Format Version 12.00
# Visual Studio Version 17
VisualStudioVersion = 17.6.33829.357
MinimumVisualStudioVersion = 10.0.40219.1
Project("{FAE04EC0-301F-11D3-BF4B-00C04F79EFBC}") = "輸入整數排序", "輸入整數排序\輸入整數排序.csproj", "{0BB33A6A-BD15-42B9-972E-3DD85385BDC9}"
EndProject
Global
	GlobalSection(SolutionConfigurationPlatforms) = preSolution
		Debug|Any CPU = Debug|Any CPU
		Release|Any CPU = Release|Any CPU
	EndGlobalSection
	GlobalSection(ProjectConfigurationPlatforms) = postSolution
		{0BB33A6A-BD15-42B9-972E-3DD85385BDC9}.Debug|Any CPU.ActiveCfg = Debug|Any CPU
		{0BB33A6A-BD15-42B9-972E-3DD85385BDC9}.Debug|Any CPU.Build.0 = Debug|Any CPU
		{0BB33A6A-BD15-42B9-972E-3DD85385BDC9}.Release|Any CPU.ActiveCfg = Release|Any CPU
		{0BB33A6A-BD15-42B9-972E-3DD85385BDC9}.Release|Any CPU.Build.0 = Release|Any CPU
	EndGlobalSection
	GlobalSection(SolutionProperties) = preSolution
		HideSolutionNode = FALSE
	EndGlobalSection
	GlobalSection(ExtensibilityGlobals) = postSolution
		SolutionGuid = {4FBD65FC-ABB4-4966-B285-D2560F72EBD1}
	EndGlobalSection
EndGlobal
