
Microsoft Visual Studio Solution File, Format Version 12.00
# Visual Studio Version 17
VisualStudioVersion = 17.11.35327.3
MinimumVisualStudioVersion = 10.0.40219.1
Project("{FAE04EC0-301F-11D3-BF4B-00C04F79EFBC}") = "XOR用法,判斷數字只出現一次", "XOR用法,判斷數字只出現一次\XOR用法,判斷數字只出現一次.csproj", "{A091E889-83F6-49CE-9352-58DB623DF38A}"
EndProject
Global
	GlobalSection(SolutionConfigurationPlatforms) = preSolution
		Debug|Any CPU = Debug|Any CPU
		Release|Any CPU = Release|Any CPU
	EndGlobalSection
	GlobalSection(ProjectConfigurationPlatforms) = postSolution
		{A091E889-83F6-49CE-9352-58DB623DF38A}.Debug|Any CPU.ActiveCfg = Debug|Any CPU
		{A091E889-83F6-49CE-9352-58DB623DF38A}.Debug|Any CPU.Build.0 = Debug|Any CPU
		{A091E889-83F6-49CE-9352-58DB623DF38A}.Release|Any CPU.ActiveCfg = Release|Any CPU
		{A091E889-83F6-49CE-9352-58DB623DF38A}.Release|Any CPU.Build.0 = Release|Any CPU
	EndGlobalSection
	GlobalSection(SolutionProperties) = preSolution
		HideSolutionNode = FALSE
	EndGlobalSection
	GlobalSection(ExtensibilityGlobals) = postSolution
		SolutionGuid = {E79FF9E0-4718-4439-B252-B39005F1A83A}
	EndGlobalSection
EndGlobal
