
Microsoft Visual Studio Solution File, Format Version 12.00
# Visual Studio Version 17
VisualStudioVersion = 17.13.35818.85 d17.13
MinimumVisualStudioVersion = 10.0.40219.1
Project("{FAE04EC0-301F-11D3-BF4B-00C04F79EFBC}") = "陣列計算最大_最小_平均值", "陣列計算最大_最小_平均值\陣列計算最大_最小_平均值.csproj", "{AFA98754-1AB6-45C8-9193-7685E8479691}"
EndProject
Global
	GlobalSection(SolutionConfigurationPlatforms) = preSolution
		Debug|Any CPU = Debug|Any CPU
		Release|Any CPU = Release|Any CPU
	EndGlobalSection
	GlobalSection(ProjectConfigurationPlatforms) = postSolution
		{AFA98754-1AB6-45C8-9193-7685E8479691}.Debug|Any CPU.ActiveCfg = Debug|Any CPU
		{AFA98754-1AB6-45C8-9193-7685E8479691}.Debug|Any CPU.Build.0 = Debug|Any CPU
		{AFA98754-1AB6-45C8-9193-7685E8479691}.Release|Any CPU.ActiveCfg = Release|Any CPU
		{AFA98754-1AB6-45C8-9193-7685E8479691}.Release|Any CPU.Build.0 = Release|Any CPU
	EndGlobalSection
	GlobalSection(SolutionProperties) = preSolution
		HideSolutionNode = FALSE
	EndGlobalSection
	GlobalSection(ExtensibilityGlobals) = postSolution
		SolutionGuid = {11C90B3B-E423-4A7A-B3B8-CCE4F5BE1374}
	EndGlobalSection
EndGlobal
