
Microsoft Visual Studio Solution File, Format Version 12.00
# Visual Studio Version 17
VisualStudioVersion = 17.10.35027.167
MinimumVisualStudioVersion = 10.0.40219.1
Project("{FAE04EC0-301F-11D3-BF4B-00C04F79EFBC}") = "參考傳回ref用法", "參考傳回ref用法\參考傳回ref用法.csproj", "{9DD2E800-0FFF-4221-99DC-C85A354E4F41}"
EndProject
Global
	GlobalSection(SolutionConfigurationPlatforms) = preSolution
		Debug|Any CPU = Debug|Any CPU
		Release|Any CPU = Release|Any CPU
	EndGlobalSection
	GlobalSection(ProjectConfigurationPlatforms) = postSolution
		{9DD2E800-0FFF-4221-99DC-C85A354E4F41}.Debug|Any CPU.ActiveCfg = Debug|Any CPU
		{9DD2E800-0FFF-4221-99DC-C85A354E4F41}.Debug|Any CPU.Build.0 = Debug|Any CPU
		{9DD2E800-0FFF-4221-99DC-C85A354E4F41}.Release|Any CPU.ActiveCfg = Release|Any CPU
		{9DD2E800-0FFF-4221-99DC-C85A354E4F41}.Release|Any CPU.Build.0 = Release|Any CPU
	EndGlobalSection
	GlobalSection(SolutionProperties) = preSolution
		HideSolutionNode = FALSE
	EndGlobalSection
	GlobalSection(ExtensibilityGlobals) = postSolution
		SolutionGuid = {3C9EBE54-0F37-4436-93C9-E379566CBE2E}
	EndGlobalSection
EndGlobal
