
Microsoft Visual Studio Solution File, Format Version 12.00
# Visual Studio Version 17
VisualStudioVersion = 17.3.32901.215
MinimumVisualStudioVersion = 10.0.40219.1
Project("{FAE04EC0-301F-11D3-BF4B-00C04F79EFBC}") = "20220920_test_datetime", "20220920_test_datetime\20220920_test_datetime.csproj", "{4D2A6BFF-8E49-4F73-BBB7-6DD256E61BBC}"
EndProject
Global
	GlobalSection(SolutionConfigurationPlatforms) = preSolution
		Debug|Any CPU = Debug|Any CPU
		Release|Any CPU = Release|Any CPU
	EndGlobalSection
	GlobalSection(ProjectConfigurationPlatforms) = postSolution
		{4D2A6BFF-8E49-4F73-BBB7-6DD256E61BBC}.Debug|Any CPU.ActiveCfg = Debug|Any CPU
		{4D2A6BFF-8E49-4F73-BBB7-6DD256E61BBC}.Debug|Any CPU.Build.0 = Debug|Any CPU
		{4D2A6BFF-8E49-4F73-BBB7-6DD256E61BBC}.Release|Any CPU.ActiveCfg = Release|Any CPU
		{4D2A6BFF-8E49-4F73-BBB7-6DD256E61BBC}.Release|Any CPU.Build.0 = Release|Any CPU
	EndGlobalSection
	GlobalSection(SolutionProperties) = preSolution
		HideSolutionNode = FALSE
	EndGlobalSection
	GlobalSection(ExtensibilityGlobals) = postSolution
		SolutionGuid = {577AB5B9-BAE0-4108-9E8F-206B15614C85}
	EndGlobalSection
EndGlobal
