
Microsoft Visual Studio Solution File, Format Version 12.00
# Visual Studio Version 17
VisualStudioVersion = 17.8.34330.188
MinimumVisualStudioVersion = 10.0.40219.1
Project("{FAE04EC0-301F-11D3-BF4B-00C04F79EFBC}") = "西元年轉民國年", "西元年轉民國年\西元年轉民國年.csproj", "{B9DBB0F9-08F9-4485-BC4D-CF4B8978D31B}"
EndProject
Global
	GlobalSection(SolutionConfigurationPlatforms) = preSolution
		Debug|Any CPU = Debug|Any CPU
		Release|Any CPU = Release|Any CPU
	EndGlobalSection
	GlobalSection(ProjectConfigurationPlatforms) = postSolution
		{B9DBB0F9-08F9-4485-BC4D-CF4B8978D31B}.Debug|Any CPU.ActiveCfg = Debug|Any CPU
		{B9DBB0F9-08F9-4485-BC4D-CF4B8978D31B}.Debug|Any CPU.Build.0 = Debug|Any CPU
		{B9DBB0F9-08F9-4485-BC4D-CF4B8978D31B}.Release|Any CPU.ActiveCfg = Release|Any CPU
		{B9DBB0F9-08F9-4485-BC4D-CF4B8978D31B}.Release|Any CPU.Build.0 = Release|Any CPU
	EndGlobalSection
	GlobalSection(SolutionProperties) = preSolution
		HideSolutionNode = FALSE
	EndGlobalSection
	GlobalSection(ExtensibilityGlobals) = postSolution
		SolutionGuid = {FA86D2D6-48C6-4D2B-AE1D-F82DD667F2CA}
	EndGlobalSection
EndGlobal
