
Microsoft Visual Studio Solution File, Format Version 12.00
# Visual Studio Version 17
VisualStudioVersion = 17.11.35222.181
MinimumVisualStudioVersion = 10.0.40219.1
Project("{FAE04EC0-301F-11D3-BF4B-00C04F79EFBC}") = "多工處理-使用 Thread 類練習", "多工處理-使用 Thread 類練習\多工處理-使用 Thread 類練習.csproj", "{899DA885-665E-486E-B743-B46E53FE39B7}"
EndProject
Global
	GlobalSection(SolutionConfigurationPlatforms) = preSolution
		Debug|Any CPU = Debug|Any CPU
		Release|Any CPU = Release|Any CPU
	EndGlobalSection
	GlobalSection(ProjectConfigurationPlatforms) = postSolution
		{899DA885-665E-486E-B743-B46E53FE39B7}.Debug|Any CPU.ActiveCfg = Debug|Any CPU
		{899DA885-665E-486E-B743-B46E53FE39B7}.Debug|Any CPU.Build.0 = Debug|Any CPU
		{899DA885-665E-486E-B743-B46E53FE39B7}.Release|Any CPU.ActiveCfg = Release|Any CPU
		{899DA885-665E-486E-B743-B46E53FE39B7}.Release|Any CPU.Build.0 = Release|Any CPU
	EndGlobalSection
	GlobalSection(SolutionProperties) = preSolution
		HideSolutionNode = FALSE
	EndGlobalSection
	GlobalSection(ExtensibilityGlobals) = postSolution
		SolutionGuid = {64FD0F31-AA19-4D56-B5A7-B21708E2B9F3}
	EndGlobalSection
EndGlobal
