
Microsoft Visual Studio Solution File, Format Version 12.00
# Visual Studio Version 17
VisualStudioVersion = 17.13.35818.85 d17.13
MinimumVisualStudioVersion = 10.0.40219.1
Project("{FAE04EC0-301F-11D3-BF4B-00C04F79EFBC}") = "字串反轉", "字串反轉\字串反轉.csproj", "{C3804A10-3370-4384-B4AD-432113D0E897}"
EndProject
Global
	GlobalSection(SolutionConfigurationPlatforms) = preSolution
		Debug|Any CPU = Debug|Any CPU
		Release|Any CPU = Release|Any CPU
	EndGlobalSection
	GlobalSection(ProjectConfigurationPlatforms) = postSolution
		{C3804A10-3370-4384-B4AD-432113D0E897}.Debug|Any CPU.ActiveCfg = Debug|Any CPU
		{C3804A10-3370-4384-B4AD-432113D0E897}.Debug|Any CPU.Build.0 = Debug|Any CPU
		{C3804A10-3370-4384-B4AD-432113D0E897}.Release|Any CPU.ActiveCfg = Release|Any CPU
		{C3804A10-3370-4384-B4AD-432113D0E897}.Release|Any CPU.Build.0 = Release|Any CPU
	EndGlobalSection
	GlobalSection(SolutionProperties) = preSolution
		HideSolutionNode = FALSE
	EndGlobalSection
	GlobalSection(ExtensibilityGlobals) = postSolution
		SolutionGuid = {078FCC66-610D-4115-B678-F514F09815D9}
	EndGlobalSection
EndGlobal
