
Microsoft Visual Studio Solution File, Format Version 12.00
# Visual Studio Version 17
VisualStudioVersion = 17.6.33829.357
MinimumVisualStudioVersion = 10.0.40219.1
Project("{FAE04EC0-301F-11D3-BF4B-00C04F79EFBC}") = "bebblesort", "bebblesort\bebblesort.csproj", "{9BC3F093-B35C-405A-9DE9-09D65537770F}"
EndProject
Global
	GlobalSection(SolutionConfigurationPlatforms) = preSolution
		Debug|Any CPU = Debug|Any CPU
		Release|Any CPU = Release|Any CPU
	EndGlobalSection
	GlobalSection(ProjectConfigurationPlatforms) = postSolution
		{9BC3F093-B35C-405A-9DE9-09D65537770F}.Debug|Any CPU.ActiveCfg = Debug|Any CPU
		{9BC3F093-B35C-405A-9DE9-09D65537770F}.Debug|Any CPU.Build.0 = Debug|Any CPU
		{9BC3F093-B35C-405A-9DE9-09D65537770F}.Release|Any CPU.ActiveCfg = Release|Any CPU
		{9BC3F093-B35C-405A-9DE9-09D65537770F}.Release|Any CPU.Build.0 = Release|Any CPU
	EndGlobalSection
	GlobalSection(SolutionProperties) = preSolution
		HideSolutionNode = FALSE
	EndGlobalSection
	GlobalSection(ExtensibilityGlobals) = postSolution
		SolutionGuid = {FEC4247A-BB9F-4D74-887A-678597E5A1AF}
	EndGlobalSection
EndGlobal
