
Microsoft Visual Studio Solution File, Format Version 12.00
# Visual Studio Version 17
VisualStudioVersion = 17.11.35222.181
MinimumVisualStudioVersion = 10.0.40219.1
Project("{FAE04EC0-301F-11D3-BF4B-00C04F79EFBC}") = "平行處理-async 和 await練習", "平行處理-async 和 await練習\平行處理-async 和 await練習.csproj", "{5E791C80-4E29-48B4-AB5B-57E7265123EC}"
EndProject
Global
	GlobalSection(SolutionConfigurationPlatforms) = preSolution
		Debug|Any CPU = Debug|Any CPU
		Release|Any CPU = Release|Any CPU
	EndGlobalSection
	GlobalSection(ProjectConfigurationPlatforms) = postSolution
		{5E791C80-4E29-48B4-AB5B-57E7265123EC}.Debug|Any CPU.ActiveCfg = Debug|Any CPU
		{5E791C80-4E29-48B4-AB5B-57E7265123EC}.Debug|Any CPU.Build.0 = Debug|Any CPU
		{5E791C80-4E29-48B4-AB5B-57E7265123EC}.Release|Any CPU.ActiveCfg = Release|Any CPU
		{5E791C80-4E29-48B4-AB5B-57E7265123EC}.Release|Any CPU.Build.0 = Release|Any CPU
	EndGlobalSection
	GlobalSection(SolutionProperties) = preSolution
		HideSolutionNode = FALSE
	EndGlobalSection
	GlobalSection(ExtensibilityGlobals) = postSolution
		SolutionGuid = {51BFCC9C-7E1D-436C-9678-613AD72422DA}
	EndGlobalSection
EndGlobal
