
Microsoft Visual Studio Solution File, Format Version 12.00
# Visual Studio Version 17
VisualStudioVersion = 17.10.35027.167
MinimumVisualStudioVersion = 10.0.40219.1
Project("{FAE04EC0-301F-11D3-BF4B-00C04F79EFBC}") = "插入排序", "插入排序\插入排序.csproj", "{329BEA96-15AC-4882-8580-308F7ADD0325}"
EndProject
Global
	GlobalSection(SolutionConfigurationPlatforms) = preSolution
		Debug|Any CPU = Debug|Any CPU
		Release|Any CPU = Release|Any CPU
	EndGlobalSection
	GlobalSection(ProjectConfigurationPlatforms) = postSolution
		{329BEA96-15AC-4882-8580-308F7ADD0325}.Debug|Any CPU.ActiveCfg = Debug|Any CPU
		{329BEA96-15AC-4882-8580-308F7ADD0325}.Debug|Any CPU.Build.0 = Debug|Any CPU
		{329BEA96-15AC-4882-8580-308F7ADD0325}.Release|Any CPU.ActiveCfg = Release|Any CPU
		{329BEA96-15AC-4882-8580-308F7ADD0325}.Release|Any CPU.Build.0 = Release|Any CPU
	EndGlobalSection
	GlobalSection(SolutionProperties) = preSolution
		HideSolutionNode = FALSE
	EndGlobalSection
	GlobalSection(ExtensibilityGlobals) = postSolution
		SolutionGuid = {B2E9A94B-8A95-47B8-AC1F-CFEEE7313EC7}
	EndGlobalSection
EndGlobal
