
Microsoft Visual Studio Solution File, Format Version 12.00
# Visual Studio Version 17
VisualStudioVersion = 17.10.35122.118
MinimumVisualStudioVersion = 10.0.40219.1
Project("{FAE04EC0-301F-11D3-BF4B-00C04F79EFBC}") = "二維陣列輸出", "二維陣列輸出\二維陣列輸出.csproj", "{BCFA009F-0271-49FC-8866-2E963C0C639D}"
EndProject
Global
	GlobalSection(SolutionConfigurationPlatforms) = preSolution
		Debug|Any CPU = Debug|Any CPU
		Release|Any CPU = Release|Any CPU
	EndGlobalSection
	GlobalSection(ProjectConfigurationPlatforms) = postSolution
		{BCFA009F-0271-49FC-8866-2E963C0C639D}.Debug|Any CPU.ActiveCfg = Debug|Any CPU
		{BCFA009F-0271-49FC-8866-2E963C0C639D}.Debug|Any CPU.Build.0 = Debug|Any CPU
		{BCFA009F-0271-49FC-8866-2E963C0C639D}.Release|Any CPU.ActiveCfg = Release|Any CPU
		{BCFA009F-0271-49FC-8866-2E963C0C639D}.Release|Any CPU.Build.0 = Release|Any CPU
	EndGlobalSection
	GlobalSection(SolutionProperties) = preSolution
		HideSolutionNode = FALSE
	EndGlobalSection
	GlobalSection(ExtensibilityGlobals) = postSolution
		SolutionGuid = {89223BD7-2D23-4718-811D-EF2533275535}
	EndGlobalSection
EndGlobal
