
Microsoft Visual Studio Solution File, Format Version 12.00
# Visual Studio Version 17
VisualStudioVersion = 17.6.33723.286
MinimumVisualStudioVersion = 10.0.40219.1
Project("{FAE04EC0-301F-11D3-BF4B-00C04F79EFBC}") = "二分法找mid寫法", "二分法找mid寫法\二分法找mid寫法.csproj", "{434B1DE3-3B55-47BB-B966-FAA366E3F5ED}"
EndProject
Global
	GlobalSection(SolutionConfigurationPlatforms) = preSolution
		Debug|Any CPU = Debug|Any CPU
		Release|Any CPU = Release|Any CPU
	EndGlobalSection
	GlobalSection(ProjectConfigurationPlatforms) = postSolution
		{434B1DE3-3B55-47BB-B966-FAA366E3F5ED}.Debug|Any CPU.ActiveCfg = Debug|Any CPU
		{434B1DE3-3B55-47BB-B966-FAA366E3F5ED}.Debug|Any CPU.Build.0 = Debug|Any CPU
		{434B1DE3-3B55-47BB-B966-FAA366E3F5ED}.Release|Any CPU.ActiveCfg = Release|Any CPU
		{434B1DE3-3B55-47BB-B966-FAA366E3F5ED}.Release|Any CPU.Build.0 = Release|Any CPU
	EndGlobalSection
	GlobalSection(SolutionProperties) = preSolution
		HideSolutionNode = FALSE
	EndGlobalSection
	GlobalSection(ExtensibilityGlobals) = postSolution
		SolutionGuid = {9140DE2F-5E35-4E2D-A355-D376B8D92D7F}
	EndGlobalSection
EndGlobal
